<?xml version="1.0" encoding="utf-8"?>
<Project ToolsVersion="4.0" xmlns="http://schemas.microsoft.com/developer/msbuild/2003">
  <ItemGroup>
    <Filter Include="src">
      <UniqueIdentifier>{aba7ed7c-a401-41fe-b1eb-69c82f6be381}</UniqueIdentifier>
    </Filter>
    <Filter Include="lua_test_code">
      <UniqueIdentifier>{8f392ba2-e52c-47d4-9ab0-6a9e297b7b4e}</UniqueIdentifier>
    </Filter>
  </ItemGroup>
  <ItemGroup>
    <ClCompile Include="main.cpp">
      <Filter>src</Filter>
    </ClCompile>
    <ClCompile Include="lua_performance.cpp">
      <Filter>src</Filter>
    </ClCompile>
    <ClCompile Include="test2.cpp" />
    <ClCompile Include="expand_type.cpp">
      <Filter>src</Filter>
    </ClCompile>
  </ItemGroup>
  <ItemGroup>
    <ClInclude Include="lua_performance.h">
      <Filter>src</Filter>
    </ClInclude>
    <ClInclude Include="expand_type.h">
      <Filter>src</Filter>
    </ClInclude>
    <ClInclude Include="overview_type.h">
      <Filter>src</Filter>
    </ClInclude>
  </ItemGroup>
  <ItemGroup>
    <Text Include="lua_main.lua">
      <Filter>lua_test_code</Filter>
    </Text>
    <Text Include="lua_test.lua">
      <Filter>lua_test_code</Filter>
    </Text>
  </ItemGroup>
</Project>